// !$*UTF8*$!
{
	archiveVersion = 1;
	classes = {
	};
	objectVersion = 50;
	objects = {

/* Begin PBXBuildFile section */
		0C158F7F24C0CB130037DFA2 /* LogoAsset.xcassets in Resources */ = {isa = PBXBuildFile; fileRef = 0C158F7E24C0CB130037DFA2 /* LogoAsset.xcassets */; };
		0C158F8024C0CB130037DFA2 /* LogoAsset.xcassets in Resources */ = {isa = PBXBuildFile; fileRef = 0C158F7E24C0CB130037DFA2 /* LogoAsset.xcassets */; };
		0C158F8124C0CB130037DFA2 /* LogoAsset.xcassets in Resources */ = {isa = PBXBuildFile; fileRef = 0C158F7E24C0CB130037DFA2 /* LogoAsset.xcassets */; };
		0C71FA6524B8EC8500B21498 /* jogador_pego.mp3 in Resources */ = {isa = PBXBuildFile; fileRef = 0C71FA6224B8EC8500B21498 /* jogador_pego.mp3 */; };
		0C71FA6624B8EC8600B21498 /* jogador_pego.mp3 in Resources */ = {isa = PBXBuildFile; fileRef = 0C71FA6224B8EC8500B21498 /* jogador_pego.mp3 */; };
		0C71FA6724B8EC8600B21498 /* jogador_pego.mp3 in Resources */ = {isa = PBXBuildFile; fileRef = 0C71FA6224B8EC8500B21498 /* jogador_pego.mp3 */; };
		0C71FA6824B8EC8600B21498 /* colisao_jogadores.mp3 in Resources */ = {isa = PBXBuildFile; fileRef = 0C71FA6324B8EC8500B21498 /* colisao_jogadores.mp3 */; };
		0C71FA6924B8EC8600B21498 /* colisao_jogadores.mp3 in Resources */ = {isa = PBXBuildFile; fileRef = 0C71FA6324B8EC8500B21498 /* colisao_jogadores.mp3 */; };
		0C71FA6A24B8EC8600B21498 /* colisao_jogadores.mp3 in Resources */ = {isa = PBXBuildFile; fileRef = 0C71FA6324B8EC8500B21498 /* colisao_jogadores.mp3 */; };
		0C71FA6B24B8EC8600B21498 /* colisao_parede.mp3 in Resources */ = {isa = PBXBuildFile; fileRef = 0C71FA6424B8EC8500B21498 /* colisao_parede.mp3 */; };
		0C71FA6C24B8EC8600B21498 /* colisao_parede.mp3 in Resources */ = {isa = PBXBuildFile; fileRef = 0C71FA6424B8EC8500B21498 /* colisao_parede.mp3 */; };
		0C71FA6D24B8EC8600B21498 /* colisao_parede.mp3 in Resources */ = {isa = PBXBuildFile; fileRef = 0C71FA6424B8EC8500B21498 /* colisao_parede.mp3 */; };
		0C71FA6F24B8ED3000B21498 /* backgroundSong.mp3 in Resources */ = {isa = PBXBuildFile; fileRef = 0C71FA6E24B8ED3000B21498 /* backgroundSong.mp3 */; };
		0C71FA7024B8ED3000B21498 /* backgroundSong.mp3 in Resources */ = {isa = PBXBuildFile; fileRef = 0C71FA6E24B8ED3000B21498 /* backgroundSong.mp3 */; };
		0C71FA7124B8ED3000B21498 /* backgroundSong.mp3 in Resources */ = {isa = PBXBuildFile; fileRef = 0C71FA6E24B8ED3000B21498 /* backgroundSong.mp3 */; };
		0C71FA7324B8EDB300B21498 /* SoundManager.swift in Sources */ = {isa = PBXBuildFile; fileRef = 0C71FA7224B8EDB300B21498 /* SoundManager.swift */; };
		0C71FA7424B8EDB300B21498 /* SoundManager.swift in Sources */ = {isa = PBXBuildFile; fileRef = 0C71FA7224B8EDB300B21498 /* SoundManager.swift */; };
		0C71FA7524B8EDB300B21498 /* SoundManager.swift in Sources */ = {isa = PBXBuildFile; fileRef = 0C71FA7224B8EDB300B21498 /* SoundManager.swift */; };
		320AEFD024B7A8C6000B76C2 /* TileMapping.swift in Sources */ = {isa = PBXBuildFile; fileRef = 327CAE3324AE6F3100F94F57 /* TileMapping.swift */; };
		3210988224B6485E00DAAE26 /* ScoreController.swift in Sources */ = {isa = PBXBuildFile; fileRef = 3210988124B6485E00DAAE26 /* ScoreController.swift */; };
		324F48B824AFA990008CEA30 /* HomeViewController.swift in Sources */ = {isa = PBXBuildFile; fileRef = 324F48B624AFA990008CEA30 /* HomeViewController.swift */; };
		324F48B924AFA990008CEA30 /* HomeViewController.xib in Resources */ = {isa = PBXBuildFile; fileRef = 324F48B724AFA990008CEA30 /* HomeViewController.xib */; };
		324F48BB24AFAB45008CEA30 /* ColorSelectionView.swift in Sources */ = {isa = PBXBuildFile; fileRef = 324F48BA24AFAB45008CEA30 /* ColorSelectionView.swift */; };
		326993FB24B50600008A698B /* BasicTileSet.sks in Resources */ = {isa = PBXBuildFile; fileRef = 327CAE3524AE702700F94F57 /* BasicTileSet.sks */; };
		326993FC24B508A3008A698B /* Assets.xcassets in Resources */ = {isa = PBXBuildFile; fileRef = CBC5D87324AE48EF00D049DF /* Assets.xcassets */; };
		3269940324B509D9008A698B /* ScreenGameViewController.swift in Sources */ = {isa = PBXBuildFile; fileRef = 3269940124B509D9008A698B /* ScreenGameViewController.swift */; };
		3269940424B509D9008A698B /* ScreenGameViewController.xib in Resources */ = {isa = PBXBuildFile; fileRef = 3269940224B509D9008A698B /* ScreenGameViewController.xib */; };
		327CAE3424AE6F3100F94F57 /* TileMapping.swift in Sources */ = {isa = PBXBuildFile; fileRef = 327CAE3324AE6F3100F94F57 /* TileMapping.swift */; };
		327CAE3624AE702700F94F57 /* BasicTileSet.sks in Resources */ = {isa = PBXBuildFile; fileRef = 327CAE3524AE702700F94F57 /* BasicTileSet.sks */; };
		32D3363324AE781300EC37FD /* GameScene.sks in Resources */ = {isa = PBXBuildFile; fileRef = 32D3363224AE781300EC37FD /* GameScene.sks */; };
		32E3A38024B3AC97000287D0 /* ColorSelectionView.swift in Sources */ = {isa = PBXBuildFile; fileRef = 324F48BA24AFAB45008CEA30 /* ColorSelectionView.swift */; };
		CB13CAD924B3B711001576F8 /* DesignSystem.swift in Sources */ = {isa = PBXBuildFile; fileRef = CB13CAD824B3B711001576F8 /* DesignSystem.swift */; };
		CB13CADA24B3B711001576F8 /* DesignSystem.swift in Sources */ = {isa = PBXBuildFile; fileRef = CB13CAD824B3B711001576F8 /* DesignSystem.swift */; };
		CB13CADB24B3B711001576F8 /* DesignSystem.swift in Sources */ = {isa = PBXBuildFile; fileRef = CB13CAD824B3B711001576F8 /* DesignSystem.swift */; };
		CB4ACFA024B38BDB009E1EA0 /* Player.swift in Sources */ = {isa = PBXBuildFile; fileRef = CB4ACF9F24B38BDB009E1EA0 /* Player.swift */; };
		CB4ACFA124B38BDB009E1EA0 /* Player.swift in Sources */ = {isa = PBXBuildFile; fileRef = CB4ACF9F24B38BDB009E1EA0 /* Player.swift */; };
		CB4ACFA224B38BDB009E1EA0 /* Player.swift in Sources */ = {isa = PBXBuildFile; fileRef = CB4ACF9F24B38BDB009E1EA0 /* Player.swift */; };
		CB5E26F224AE46F200400B2E /* AppDelegate.swift in Sources */ = {isa = PBXBuildFile; fileRef = CB5E26F124AE46F200400B2E /* AppDelegate.swift */; };
		CB5E26F424AE46F200400B2E /* GameScene.sks in Resources */ = {isa = PBXBuildFile; fileRef = CB5E26F324AE46F200400B2E /* GameScene.sks */; };
		CB5E26F624AE46F200400B2E /* Actions.sks in Resources */ = {isa = PBXBuildFile; fileRef = CB5E26F524AE46F200400B2E /* Actions.sks */; };
		CB5E26F824AE46F200400B2E /* GameScene.swift in Sources */ = {isa = PBXBuildFile; fileRef = CB5E26F724AE46F200400B2E /* GameScene.swift */; };
		CB5E26FA24AE46F200400B2E /* GameViewController.swift in Sources */ = {isa = PBXBuildFile; fileRef = CB5E26F924AE46F200400B2E /* GameViewController.swift */; };
		CB5E26FD24AE46F200400B2E /* Main.storyboard in Resources */ = {isa = PBXBuildFile; fileRef = CB5E26FB24AE46F200400B2E /* Main.storyboard */; };
		CB5E26FF24AE46F500400B2E /* Assets.xcassets in Resources */ = {isa = PBXBuildFile; fileRef = CB5E26FE24AE46F500400B2E /* Assets.xcassets */; };
		CB5E270224AE46F500400B2E /* LaunchScreen.storyboard in Resources */ = {isa = PBXBuildFile; fileRef = CB5E270024AE46F500400B2E /* LaunchScreen.storyboard */; };
		CB89920A24BE30E2004033E3 /* System.swift in Sources */ = {isa = PBXBuildFile; fileRef = CB89920924BE30E2004033E3 /* System.swift */; };
		CB89920B24BE30E2004033E3 /* System.swift in Sources */ = {isa = PBXBuildFile; fileRef = CB89920924BE30E2004033E3 /* System.swift */; };
		CB89920C24BE30E2004033E3 /* System.swift in Sources */ = {isa = PBXBuildFile; fileRef = CB89920924BE30E2004033E3 /* System.swift */; };
		CBB95C0824B643D70070997D /* SearchViewController.swift in Sources */ = {isa = PBXBuildFile; fileRef = CBB95C0724B643D70070997D /* SearchViewController.swift */; };
		CBB95C0A24B64B810070997D /* GameControlViewController.swift in Sources */ = {isa = PBXBuildFile; fileRef = CBB95C0924B64B810070997D /* GameControlViewController.swift */; };
		CBB95C0C24B65A220070997D /* CommandSystem.swift in Sources */ = {isa = PBXBuildFile; fileRef = CBB95C0B24B65A220070997D /* CommandSystem.swift */; };
		CBB95C0D24B65A220070997D /* CommandSystem.swift in Sources */ = {isa = PBXBuildFile; fileRef = CBB95C0B24B65A220070997D /* CommandSystem.swift */; };
		CBB95C0E24B65A220070997D /* CommandSystem.swift in Sources */ = {isa = PBXBuildFile; fileRef = CBB95C0B24B65A220070997D /* CommandSystem.swift */; };
		CBC5D84C24AE486100D049DF /* AppDelegate.swift in Sources */ = {isa = PBXBuildFile; fileRef = CBC5D84B24AE486100D049DF /* AppDelegate.swift */; };
		CBC5D84E24AE486100D049DF /* SceneDelegate.swift in Sources */ = {isa = PBXBuildFile; fileRef = CBC5D84D24AE486100D049DF /* SceneDelegate.swift */; };
		CBC5D85024AE486100D049DF /* ViewController.swift in Sources */ = {isa = PBXBuildFile; fileRef = CBC5D84F24AE486100D049DF /* ViewController.swift */; };
		CBC5D85324AE486100D049DF /* Main.storyboard in Resources */ = {isa = PBXBuildFile; fileRef = CBC5D85124AE486100D049DF /* Main.storyboard */; };
		CBC5D85624AE486100D049DF /* iosAPP.xcdatamodeld in Sources */ = {isa = PBXBuildFile; fileRef = CBC5D85424AE486100D049DF /* iosAPP.xcdatamodeld */; };
		CBC5D85824AE486300D049DF /* Assets.xcassets in Resources */ = {isa = PBXBuildFile; fileRef = CBC5D85724AE486300D049DF /* Assets.xcassets */; };
		CBC5D85B24AE486300D049DF /* LaunchScreen.storyboard in Resources */ = {isa = PBXBuildFile; fileRef = CBC5D85924AE486300D049DF /* LaunchScreen.storyboard */; };
		CBC5D86A24AE48ED00D049DF /* AppDelegate.swift in Sources */ = {isa = PBXBuildFile; fileRef = CBC5D86924AE48ED00D049DF /* AppDelegate.swift */; };
		CBC5D86E24AE48ED00D049DF /* Actions.sks in Resources */ = {isa = PBXBuildFile; fileRef = CBC5D86D24AE48ED00D049DF /* Actions.sks */; };
		CBC5D87024AE48ED00D049DF /* GameScene.swift in Sources */ = {isa = PBXBuildFile; fileRef = CBC5D86F24AE48ED00D049DF /* GameScene.swift */; };
		CBC5D87224AE48ED00D049DF /* ViewController.swift in Sources */ = {isa = PBXBuildFile; fileRef = CBC5D87124AE48ED00D049DF /* ViewController.swift */; };
		CBC5D87424AE48EF00D049DF /* Assets.xcassets in Resources */ = {isa = PBXBuildFile; fileRef = CBC5D87324AE48EF00D049DF /* Assets.xcassets */; };
		CBC5D87724AE48EF00D049DF /* Main.storyboard in Resources */ = {isa = PBXBuildFile; fileRef = CBC5D87524AE48EF00D049DF /* Main.storyboard */; };
		CBC5D89424AE539A00D049DF /* MultipeerController.swift in Sources */ = {isa = PBXBuildFile; fileRef = CBC5D89324AE539A00D049DF /* MultipeerController.swift */; };
		CBC5D89624AE53C600D049DF /* MultipeerHandler.swift in Sources */ = {isa = PBXBuildFile; fileRef = CBC5D89524AE53C600D049DF /* MultipeerHandler.swift */; };
		CBC5D89724AE53C600D049DF /* MultipeerHandler.swift in Sources */ = {isa = PBXBuildFile; fileRef = CBC5D89524AE53C600D049DF /* MultipeerHandler.swift */; };
		CBC5D89824AE53C600D049DF /* MultipeerHandler.swift in Sources */ = {isa = PBXBuildFile; fileRef = CBC5D89524AE53C600D049DF /* MultipeerHandler.swift */; };
		CBC5D89924AE53D100D049DF /* MultipeerController.swift in Sources */ = {isa = PBXBuildFile; fileRef = CBC5D89324AE539A00D049DF /* MultipeerController.swift */; };
		CBC5D89A24AE53D200D049DF /* MultipeerController.swift in Sources */ = {isa = PBXBuildFile; fileRef = CBC5D89324AE539A00D049DF /* MultipeerController.swift */; };
/* End PBXBuildFile section */

/* Begin PBXFileReference section */
		0C158F7E24C0CB130037DFA2 /* LogoAsset.xcassets */ = {isa = PBXFileReference; lastKnownFileType = folder.assetcatalog; path = LogoAsset.xcassets; sourceTree = "<group>"; };
		0C71FA6224B8EC8500B21498 /* jogador_pego.mp3 */ = {isa = PBXFileReference; lastKnownFileType = audio.mp3; path = jogador_pego.mp3; sourceTree = "<group>"; };
		0C71FA6324B8EC8500B21498 /* colisao_jogadores.mp3 */ = {isa = PBXFileReference; lastKnownFileType = audio.mp3; path = colisao_jogadores.mp3; sourceTree = "<group>"; };
		0C71FA6424B8EC8500B21498 /* colisao_parede.mp3 */ = {isa = PBXFileReference; lastKnownFileType = audio.mp3; path = colisao_parede.mp3; sourceTree = "<group>"; };
		0C71FA6E24B8ED3000B21498 /* backgroundSong.mp3 */ = {isa = PBXFileReference; lastKnownFileType = audio.mp3; path = backgroundSong.mp3; sourceTree = "<group>"; };
		0C71FA7224B8EDB300B21498 /* SoundManager.swift */ = {isa = PBXFileReference; lastKnownFileType = sourcecode.swift; path = SoundManager.swift; sourceTree = "<group>"; };
		3210988124B6485E00DAAE26 /* ScoreController.swift */ = {isa = PBXFileReference; lastKnownFileType = sourcecode.swift; path = ScoreController.swift; sourceTree = "<group>"; };
		324F48B624AFA990008CEA30 /* HomeViewController.swift */ = {isa = PBXFileReference; lastKnownFileType = sourcecode.swift; path = HomeViewController.swift; sourceTree = "<group>"; };
		324F48B724AFA990008CEA30 /* HomeViewController.xib */ = {isa = PBXFileReference; lastKnownFileType = file.xib; path = HomeViewController.xib; sourceTree = "<group>"; };
		324F48BA24AFAB45008CEA30 /* ColorSelectionView.swift */ = {isa = PBXFileReference; lastKnownFileType = sourcecode.swift; path = ColorSelectionView.swift; sourceTree = "<group>"; };
		3269940124B509D9008A698B /* ScreenGameViewController.swift */ = {isa = PBXFileReference; lastKnownFileType = sourcecode.swift; path = ScreenGameViewController.swift; sourceTree = "<group>"; };
		3269940224B509D9008A698B /* ScreenGameViewController.xib */ = {isa = PBXFileReference; lastKnownFileType = file.xib; path = ScreenGameViewController.xib; sourceTree = "<group>"; };
		327CAE3324AE6F3100F94F57 /* TileMapping.swift */ = {isa = PBXFileReference; lastKnownFileType = sourcecode.swift; path = TileMapping.swift; sourceTree = "<group>"; };
		327CAE3524AE702700F94F57 /* BasicTileSet.sks */ = {isa = PBXFileReference; lastKnownFileType = file.sks; path = BasicTileSet.sks; sourceTree = "<group>"; };
		32D3363224AE781300EC37FD /* GameScene.sks */ = {isa = PBXFileReference; lastKnownFileType = file.sks; path = GameScene.sks; sourceTree = "<group>"; };
		CB13CAD824B3B711001576F8 /* DesignSystem.swift */ = {isa = PBXFileReference; lastKnownFileType = sourcecode.swift; path = DesignSystem.swift; sourceTree = "<group>"; };
		CB4ACF9F24B38BDB009E1EA0 /* Player.swift */ = {isa = PBXFileReference; lastKnownFileType = sourcecode.swift; path = Player.swift; sourceTree = "<group>"; };
		CB5E26EE24AE46F200400B2E /* Run Box Run.app */ = {isa = PBXFileReference; explicitFileType = wrapper.application; includeInIndex = 0; path = "Run Box Run.app"; sourceTree = BUILT_PRODUCTS_DIR; };
		CB5E26F124AE46F200400B2E /* AppDelegate.swift */ = {isa = PBXFileReference; lastKnownFileType = sourcecode.swift; path = AppDelegate.swift; sourceTree = "<group>"; };
		CB5E26F324AE46F200400B2E /* GameScene.sks */ = {isa = PBXFileReference; lastKnownFileType = file.sks; path = GameScene.sks; sourceTree = "<group>"; };
		CB5E26F524AE46F200400B2E /* Actions.sks */ = {isa = PBXFileReference; lastKnownFileType = file.sks; path = Actions.sks; sourceTree = "<group>"; };
		CB5E26F724AE46F200400B2E /* GameScene.swift */ = {isa = PBXFileReference; lastKnownFileType = sourcecode.swift; path = GameScene.swift; sourceTree = "<group>"; };
		CB5E26F924AE46F200400B2E /* GameViewController.swift */ = {isa = PBXFileReference; lastKnownFileType = sourcecode.swift; path = GameViewController.swift; sourceTree = "<group>"; };
		CB5E26FC24AE46F200400B2E /* Base */ = {isa = PBXFileReference; lastKnownFileType = file.storyboard; name = Base; path = Base.lproj/Main.storyboard; sourceTree = "<group>"; };
		CB5E26FE24AE46F500400B2E /* Assets.xcassets */ = {isa = PBXFileReference; lastKnownFileType = folder.assetcatalog; path = Assets.xcassets; sourceTree = "<group>"; };
		CB5E270124AE46F500400B2E /* Base */ = {isa = PBXFileReference; lastKnownFileType = file.storyboard; name = Base; path = Base.lproj/LaunchScreen.storyboard; sourceTree = "<group>"; };
		CB5E270324AE46F500400B2E /* Info.plist */ = {isa = PBXFileReference; lastKnownFileType = text.plist.xml; path = Info.plist; sourceTree = "<group>"; };
		CB89920924BE30E2004033E3 /* System.swift */ = {isa = PBXFileReference; lastKnownFileType = sourcecode.swift; path = System.swift; sourceTree = "<group>"; };
		CBB95C0724B643D70070997D /* SearchViewController.swift */ = {isa = PBXFileReference; lastKnownFileType = sourcecode.swift; path = SearchViewController.swift; sourceTree = "<group>"; };
		CBB95C0924B64B810070997D /* GameControlViewController.swift */ = {isa = PBXFileReference; lastKnownFileType = sourcecode.swift; path = GameControlViewController.swift; sourceTree = "<group>"; };
		CBB95C0B24B65A220070997D /* CommandSystem.swift */ = {isa = PBXFileReference; lastKnownFileType = sourcecode.swift; path = CommandSystem.swift; sourceTree = "<group>"; };
		CBC5D84924AE486100D049DF /* iosAPP.app */ = {isa = PBXFileReference; explicitFileType = wrapper.application; includeInIndex = 0; path = iosAPP.app; sourceTree = BUILT_PRODUCTS_DIR; };
		CBC5D84B24AE486100D049DF /* AppDelegate.swift */ = {isa = PBXFileReference; lastKnownFileType = sourcecode.swift; path = AppDelegate.swift; sourceTree = "<group>"; };
		CBC5D84D24AE486100D049DF /* SceneDelegate.swift */ = {isa = PBXFileReference; lastKnownFileType = sourcecode.swift; path = SceneDelegate.swift; sourceTree = "<group>"; };
		CBC5D84F24AE486100D049DF /* ViewController.swift */ = {isa = PBXFileReference; lastKnownFileType = sourcecode.swift; path = ViewController.swift; sourceTree = "<group>"; };
		CBC5D85224AE486100D049DF /* Base */ = {isa = PBXFileReference; lastKnownFileType = file.storyboard; name = Base; path = Base.lproj/Main.storyboard; sourceTree = "<group>"; };
		CBC5D85524AE486100D049DF /* iosAPP.xcdatamodel */ = {isa = PBXFileReference; lastKnownFileType = wrapper.xcdatamodel; path = iosAPP.xcdatamodel; sourceTree = "<group>"; };
		CBC5D85724AE486300D049DF /* Assets.xcassets */ = {isa = PBXFileReference; lastKnownFileType = folder.assetcatalog; path = Assets.xcassets; sourceTree = "<group>"; };
		CBC5D85A24AE486300D049DF /* Base */ = {isa = PBXFileReference; lastKnownFileType = file.storyboard; name = Base; path = Base.lproj/LaunchScreen.storyboard; sourceTree = "<group>"; };
		CBC5D85C24AE486300D049DF /* Info.plist */ = {isa = PBXFileReference; lastKnownFileType = text.plist.xml; path = Info.plist; sourceTree = "<group>"; };
		CBC5D86724AE48ED00D049DF /* macAPP.app */ = {isa = PBXFileReference; explicitFileType = wrapper.application; includeInIndex = 0; path = macAPP.app; sourceTree = BUILT_PRODUCTS_DIR; };
		CBC5D86924AE48ED00D049DF /* AppDelegate.swift */ = {isa = PBXFileReference; lastKnownFileType = sourcecode.swift; path = AppDelegate.swift; sourceTree = "<group>"; };
		CBC5D86D24AE48ED00D049DF /* Actions.sks */ = {isa = PBXFileReference; lastKnownFileType = file.sks; path = Actions.sks; sourceTree = "<group>"; };
		CBC5D86F24AE48ED00D049DF /* GameScene.swift */ = {isa = PBXFileReference; lastKnownFileType = sourcecode.swift; path = GameScene.swift; sourceTree = "<group>"; };
		CBC5D87124AE48ED00D049DF /* ViewController.swift */ = {isa = PBXFileReference; lastKnownFileType = sourcecode.swift; path = ViewController.swift; sourceTree = "<group>"; };
		CBC5D87324AE48EF00D049DF /* Assets.xcassets */ = {isa = PBXFileReference; lastKnownFileType = folder.assetcatalog; path = Assets.xcassets; sourceTree = "<group>"; };
		CBC5D87624AE48EF00D049DF /* Base */ = {isa = PBXFileReference; lastKnownFileType = file.storyboard; name = Base; path = Base.lproj/Main.storyboard; sourceTree = "<group>"; };
		CBC5D87824AE48EF00D049DF /* Info.plist */ = {isa = PBXFileReference; lastKnownFileType = text.plist.xml; path = Info.plist; sourceTree = "<group>"; };
		CBC5D87924AE48EF00D049DF /* macAPP.entitlements */ = {isa = PBXFileReference; lastKnownFileType = text.plist.entitlements; path = macAPP.entitlements; sourceTree = "<group>"; };
		CBC5D89324AE539A00D049DF /* MultipeerController.swift */ = {isa = PBXFileReference; lastKnownFileType = sourcecode.swift; path = MultipeerController.swift; sourceTree = "<group>"; };
		CBC5D89524AE53C600D049DF /* MultipeerHandler.swift */ = {isa = PBXFileReference; lastKnownFileType = sourcecode.swift; path = MultipeerHandler.swift; sourceTree = "<group>"; };
/* End PBXFileReference section */

/* Begin PBXFrameworksBuildPhase section */
		CB5E26EB24AE46F200400B2E /* Frameworks */ = {
			isa = PBXFrameworksBuildPhase;
			buildActionMask = 2147483647;
			files = (
			);
			runOnlyForDeploymentPostprocessing = 0;
		};
		CBC5D84624AE486100D049DF /* Frameworks */ = {
			isa = PBXFrameworksBuildPhase;
			buildActionMask = 2147483647;
			files = (
			);
			runOnlyForDeploymentPostprocessing = 0;
		};
		CBC5D86424AE48ED00D049DF /* Frameworks */ = {
			isa = PBXFrameworksBuildPhase;
			buildActionMask = 2147483647;
			files = (
			);
			runOnlyForDeploymentPostprocessing = 0;
		};
/* End PBXFrameworksBuildPhase section */

/* Begin PBXGroup section */
		0C71FA6124B8EC4100B21498 /* Sound */ = {
			isa = PBXGroup;
			children = (
				0C71FA6E24B8ED3000B21498 /* backgroundSong.mp3 */,
				0C71FA6324B8EC8500B21498 /* colisao_jogadores.mp3 */,
				0C71FA6424B8EC8500B21498 /* colisao_parede.mp3 */,
				0C71FA6224B8EC8500B21498 /* jogador_pego.mp3 */,
			);
			path = Sound;
			sourceTree = "<group>";
		};
		324F48B124AFA8BA008CEA30 /* Screen */ = {
			isa = PBXGroup;
			children = (
				324F48B624AFA990008CEA30 /* HomeViewController.swift */,
				324F48B724AFA990008CEA30 /* HomeViewController.xib */,
				3269940124B509D9008A698B /* ScreenGameViewController.swift */,
				3269940224B509D9008A698B /* ScreenGameViewController.xib */,
			);
			path = Screen;
			sourceTree = "<group>";
		};
		CB5E26E524AE46F100400B2E = {
			isa = PBXGroup;
			children = (
				CBC5D87E24AE491200D049DF /* Shared */,
				CB5E26F024AE46F200400B2E /* tvAPP */,
				CBC5D84A24AE486100D049DF /* iosAPP */,
				CBC5D86824AE48ED00D049DF /* macAPP */,
				CB5E26EF24AE46F200400B2E /* Products */,
			);
			sourceTree = "<group>";
		};
		CB5E26EF24AE46F200400B2E /* Products */ = {
			isa = PBXGroup;
			children = (
				CB5E26EE24AE46F200400B2E /* Run Box Run.app */,
				CBC5D84924AE486100D049DF /* iosAPP.app */,
				CBC5D86724AE48ED00D049DF /* macAPP.app */,
			);
			name = Products;
			sourceTree = "<group>";
		};
		CB5E26F024AE46F200400B2E /* tvAPP */ = {
			isa = PBXGroup;
			children = (
				324F48B124AFA8BA008CEA30 /* Screen */,
				CBC5D86024AE486900D049DF /* Application */,
				CB5E26F324AE46F200400B2E /* GameScene.sks */,
				CB5E26F524AE46F200400B2E /* Actions.sks */,
				CB5E26F724AE46F200400B2E /* GameScene.swift */,
				CB5E26F924AE46F200400B2E /* GameViewController.swift */,
				CB5E26FB24AE46F200400B2E /* Main.storyboard */,
				CB5E26FE24AE46F500400B2E /* Assets.xcassets */,
				CB5E270024AE46F500400B2E /* LaunchScreen.storyboard */,
				CB5E270324AE46F500400B2E /* Info.plist */,
				324F48BA24AFAB45008CEA30 /* ColorSelectionView.swift */,
				3210988124B6485E00DAAE26 /* ScoreController.swift */,
			);
			path = tvAPP;
			sourceTree = "<group>";
		};
		CBC5D84A24AE486100D049DF /* iosAPP */ = {
			isa = PBXGroup;
			children = (
				CBC5D86124AE48B300D049DF /* Application */,
				CBC5D86224AE48C300D049DF /* CoreData */,
				CBB95C0724B643D70070997D /* SearchViewController.swift */,
				CBC5D84F24AE486100D049DF /* ViewController.swift */,
				CBB95C0924B64B810070997D /* GameControlViewController.swift */,
				CBC5D85124AE486100D049DF /* Main.storyboard */,
				CBC5D85724AE486300D049DF /* Assets.xcassets */,
				CBC5D85924AE486300D049DF /* LaunchScreen.storyboard */,
				CBC5D85C24AE486300D049DF /* Info.plist */,
			);
			path = iosAPP;
			sourceTree = "<group>";
		};
		CBC5D86024AE486900D049DF /* Application */ = {
			isa = PBXGroup;
			children = (
				CB5E26F124AE46F200400B2E /* AppDelegate.swift */,
			);
			path = Application;
			sourceTree = "<group>";
		};
		CBC5D86124AE48B300D049DF /* Application */ = {
			isa = PBXGroup;
			children = (
				CBC5D84B24AE486100D049DF /* AppDelegate.swift */,
				CBC5D84D24AE486100D049DF /* SceneDelegate.swift */,
			);
			path = Application;
			sourceTree = "<group>";
		};
		CBC5D86224AE48C300D049DF /* CoreData */ = {
			isa = PBXGroup;
			children = (
				CBC5D85424AE486100D049DF /* iosAPP.xcdatamodeld */,
			);
			path = CoreData;
			sourceTree = "<group>";
		};
		CBC5D86824AE48ED00D049DF /* macAPP */ = {
			isa = PBXGroup;
			children = (
				32D3363224AE781300EC37FD /* GameScene.sks */,
				CBC5D87D24AE48F600D049DF /* Application */,
				CBC5D86D24AE48ED00D049DF /* Actions.sks */,
				CBC5D86F24AE48ED00D049DF /* GameScene.swift */,
				CBC5D87124AE48ED00D049DF /* ViewController.swift */,
				CBC5D87324AE48EF00D049DF /* Assets.xcassets */,
				CBC5D87524AE48EF00D049DF /* Main.storyboard */,
				CBC5D87824AE48EF00D049DF /* Info.plist */,
				CBC5D87924AE48EF00D049DF /* macAPP.entitlements */,
				327CAE3324AE6F3100F94F57 /* TileMapping.swift */,
				327CAE3524AE702700F94F57 /* BasicTileSet.sks */,
			);
			path = macAPP;
			sourceTree = "<group>";
		};
		CBC5D87D24AE48F600D049DF /* Application */ = {
			isa = PBXGroup;
			children = (
				CBC5D86924AE48ED00D049DF /* AppDelegate.swift */,
			);
			path = Application;
			sourceTree = "<group>";
		};
		CBC5D87E24AE491200D049DF /* Shared */ = {
			isa = PBXGroup;
			children = (
				0C71FA6124B8EC4100B21498 /* Sound */,
				CBC5D89324AE539A00D049DF /* MultipeerController.swift */,
				CBC5D89524AE53C600D049DF /* MultipeerHandler.swift */,
				CB4ACF9F24B38BDB009E1EA0 /* Player.swift */,
				CB13CAD824B3B711001576F8 /* DesignSystem.swift */,
				CBB95C0B24B65A220070997D /* CommandSystem.swift */,
				0C71FA7224B8EDB300B21498 /* SoundManager.swift */,
				CB89920924BE30E2004033E3 /* System.swift */,
				0C158F7E24C0CB130037DFA2 /* LogoAsset.xcassets */,
			);
			path = Shared;
			sourceTree = "<group>";
		};
/* End PBXGroup section */

/* Begin PBXNativeTarget section */
		CB5E26ED24AE46F200400B2E /* tvAPP */ = {
			isa = PBXNativeTarget;
			buildConfigurationList = CB5E270624AE46F500400B2E /* Build configuration list for PBXNativeTarget "tvAPP" */;
			buildPhases = (
				CB5E26EA24AE46F200400B2E /* Sources */,
				CB5E26EB24AE46F200400B2E /* Frameworks */,
				CB5E26EC24AE46F200400B2E /* Resources */,
			);
			buildRules = (
			);
			dependencies = (
			);
			name = tvAPP;
			productName = tvAPP;
			productReference = CB5E26EE24AE46F200400B2E /* Run Box Run.app */;
			productType = "com.apple.product-type.application";
		};
		CBC5D84824AE486100D049DF /* iosAPP */ = {
			isa = PBXNativeTarget;
			buildConfigurationList = CBC5D85D24AE486300D049DF /* Build configuration list for PBXNativeTarget "iosAPP" */;
			buildPhases = (
				CBC5D84524AE486100D049DF /* Sources */,
				CBC5D84624AE486100D049DF /* Frameworks */,
				CBC5D84724AE486100D049DF /* Resources */,
			);
			buildRules = (
			);
			dependencies = (
			);
			name = iosAPP;
			productName = iosAPP;
			productReference = CBC5D84924AE486100D049DF /* iosAPP.app */;
			productType = "com.apple.product-type.application";
		};
		CBC5D86624AE48ED00D049DF /* macAPP */ = {
			isa = PBXNativeTarget;
			buildConfigurationList = CBC5D87A24AE48EF00D049DF /* Build configuration list for PBXNativeTarget "macAPP" */;
			buildPhases = (
				CBC5D86324AE48ED00D049DF /* Sources */,
				CBC5D86424AE48ED00D049DF /* Frameworks */,
				CBC5D86524AE48ED00D049DF /* Resources */,
			);
			buildRules = (
			);
			dependencies = (
			);
			name = macAPP;
			productName = macAPP;
			productReference = CBC5D86724AE48ED00D049DF /* macAPP.app */;
			productType = "com.apple.product-type.application";
		};
/* End PBXNativeTarget section */

/* Begin PBXProject section */
		CB5E26E624AE46F100400B2E /* Project object */ = {
			isa = PBXProject;
			attributes = {
				LastSwiftUpdateCheck = 1150;
				LastUpgradeCheck = 1150;
				ORGANIZATIONNAME = "Zewu Chen";
				TargetAttributes = {
					CB5E26ED24AE46F200400B2E = {
						CreatedOnToolsVersion = 11.5;
					};
					CBC5D84824AE486100D049DF = {
						CreatedOnToolsVersion = 11.5;
					};
					CBC5D86624AE48ED00D049DF = {
						CreatedOnToolsVersion = 11.5;
					};
				};
			};
			buildConfigurationList = CB5E26E924AE46F100400B2E /* Build configuration list for PBXProject "tvAPP" */;
			compatibilityVersion = "Xcode 9.3";
			developmentRegion = en;
			hasScannedForEncodings = 0;
			knownRegions = (
				en,
				Base,
			);
			mainGroup = CB5E26E524AE46F100400B2E;
			productRefGroup = CB5E26EF24AE46F200400B2E /* Products */;
			projectDirPath = "";
			projectRoot = "";
			targets = (
				CB5E26ED24AE46F200400B2E /* tvAPP */,
				CBC5D84824AE486100D049DF /* iosAPP */,
				CBC5D86624AE48ED00D049DF /* macAPP */,
			);
		};
/* End PBXProject section */

/* Begin PBXResourcesBuildPhase section */
		CB5E26EC24AE46F200400B2E /* Resources */ = {
			isa = PBXResourcesBuildPhase;
			buildActionMask = 2147483647;
			files = (
				CB5E26FD24AE46F200400B2E /* Main.storyboard in Resources */,
				CB5E26F424AE46F200400B2E /* GameScene.sks in Resources */,
				3269940424B509D9008A698B /* ScreenGameViewController.xib in Resources */,
				0C158F7F24C0CB130037DFA2 /* LogoAsset.xcassets in Resources */,
				0C71FA6F24B8ED3000B21498 /* backgroundSong.mp3 in Resources */,
				0C71FA6524B8EC8500B21498 /* jogador_pego.mp3 in Resources */,
				CB5E26FF24AE46F500400B2E /* Assets.xcassets in Resources */,
				326993FB24B50600008A698B /* BasicTileSet.sks in Resources */,
				0C71FA6824B8EC8600B21498 /* colisao_jogadores.mp3 in Resources */,
				CB5E270224AE46F500400B2E /* LaunchScreen.storyboard in Resources */,
				324F48B924AFA990008CEA30 /* HomeViewController.xib in Resources */,
				326993FC24B508A3008A698B /* Assets.xcassets in Resources */,
				CB5E26F624AE46F200400B2E /* Actions.sks in Resources */,
				0C71FA6B24B8EC8600B21498 /* colisao_parede.mp3 in Resources */,
			);
			runOnlyForDeploymentPostprocessing = 0;
		};
		CBC5D84724AE486100D049DF /* Resources */ = {
			isa = PBXResourcesBuildPhase;
			buildActionMask = 2147483647;
			files = (
				0C71FA6924B8EC8600B21498 /* colisao_jogadores.mp3 in Resources */,
				CBC5D85B24AE486300D049DF /* LaunchScreen.storyboard in Resources */,
				0C71FA6624B8EC8600B21498 /* jogador_pego.mp3 in Resources */,
				CBC5D85824AE486300D049DF /* Assets.xcassets in Resources */,
				0C71FA6C24B8EC8600B21498 /* colisao_parede.mp3 in Resources */,
				CBC5D85324AE486100D049DF /* Main.storyboard in Resources */,
				0C71FA7024B8ED3000B21498 /* backgroundSong.mp3 in Resources */,
				0C158F8024C0CB130037DFA2 /* LogoAsset.xcassets in Resources */,
			);
			runOnlyForDeploymentPostprocessing = 0;
		};
		CBC5D86524AE48ED00D049DF /* Resources */ = {
			isa = PBXResourcesBuildPhase;
			buildActionMask = 2147483647;
			files = (
				CBC5D87424AE48EF00D049DF /* Assets.xcassets in Resources */,
				0C158F8124C0CB130037DFA2 /* LogoAsset.xcassets in Resources */,
				0C71FA6724B8EC8600B21498 /* jogador_pego.mp3 in Resources */,
				0C71FA6D24B8EC8600B21498 /* colisao_parede.mp3 in Resources */,
				0C71FA6A24B8EC8600B21498 /* colisao_jogadores.mp3 in Resources */,
				CBC5D86E24AE48ED00D049DF /* Actions.sks in Resources */,
				32D3363324AE781300EC37FD /* GameScene.sks in Resources */,
				327CAE3624AE702700F94F57 /* BasicTileSet.sks in Resources */,
				CBC5D87724AE48EF00D049DF /* Main.storyboard in Resources */,
				0C71FA7124B8ED3000B21498 /* backgroundSong.mp3 in Resources */,
			);
			runOnlyForDeploymentPostprocessing = 0;
		};
/* End PBXResourcesBuildPhase section */

/* Begin PBXSourcesBuildPhase section */
		CB5E26EA24AE46F200400B2E /* Sources */ = {
			isa = PBXSourcesBuildPhase;
			buildActionMask = 2147483647;
			files = (
				CB5E26F824AE46F200400B2E /* GameScene.swift in Sources */,
				CBC5D89624AE53C600D049DF /* MultipeerHandler.swift in Sources */,
				3210988224B6485E00DAAE26 /* ScoreController.swift in Sources */,
				CB5E26FA24AE46F200400B2E /* GameViewController.swift in Sources */,
				0C71FA7324B8EDB300B21498 /* SoundManager.swift in Sources */,
				CB13CAD924B3B711001576F8 /* DesignSystem.swift in Sources */,
				CB5E26F224AE46F200400B2E /* AppDelegate.swift in Sources */,
				CB4ACFA024B38BDB009E1EA0 /* Player.swift in Sources */,
				CBB95C0C24B65A220070997D /* CommandSystem.swift in Sources */,
				CBC5D89424AE539A00D049DF /* MultipeerController.swift in Sources */,
				CB89920A24BE30E2004033E3 /* System.swift in Sources */,
				324F48BB24AFAB45008CEA30 /* ColorSelectionView.swift in Sources */,
				324F48B824AFA990008CEA30 /* HomeViewController.swift in Sources */,
				3269940324B509D9008A698B /* ScreenGameViewController.swift in Sources */,
				320AEFD024B7A8C6000B76C2 /* TileMapping.swift in Sources */,
			);
			runOnlyForDeploymentPostprocessing = 0;
		};
		CBC5D84524AE486100D049DF /* Sources */ = {
			isa = PBXSourcesBuildPhase;
			buildActionMask = 2147483647;
			files = (
				CBB95C0824B643D70070997D /* SearchViewController.swift in Sources */,
				CBC5D85024AE486100D049DF /* ViewController.swift in Sources */,
				CBC5D89924AE53D100D049DF /* MultipeerController.swift in Sources */,
				CBC5D89724AE53C600D049DF /* MultipeerHandler.swift in Sources */,
				0C71FA7424B8EDB300B21498 /* SoundManager.swift in Sources */,
				CBB95C0D24B65A220070997D /* CommandSystem.swift in Sources */,
				CB13CADA24B3B711001576F8 /* DesignSystem.swift in Sources */,
				CBC5D84C24AE486100D049DF /* AppDelegate.swift in Sources */,
				CB89920B24BE30E2004033E3 /* System.swift in Sources */,
				CB4ACFA124B38BDB009E1EA0 /* Player.swift in Sources */,
				CBC5D84E24AE486100D049DF /* SceneDelegate.swift in Sources */,
				32E3A38024B3AC97000287D0 /* ColorSelectionView.swift in Sources */,
				CBC5D85624AE486100D049DF /* iosAPP.xcdatamodeld in Sources */,
				CBB95C0A24B64B810070997D /* GameControlViewController.swift in Sources */,
			);
			runOnlyForDeploymentPostprocessing = 0;
		};
		CBC5D86324AE48ED00D049DF /* Sources */ = {
			isa = PBXSourcesBuildPhase;
			buildActionMask = 2147483647;
			files = (
				CBC5D89A24AE53D200D049DF /* MultipeerController.swift in Sources */,
				CBB95C0E24B65A220070997D /* CommandSystem.swift in Sources */,
				CBC5D87224AE48ED00D049DF /* ViewController.swift in Sources */,
				CBC5D87024AE48ED00D049DF /* GameScene.swift in Sources */,
				CBC5D89824AE53C600D049DF /* MultipeerHandler.swift in Sources */,
				CB13CADB24B3B711001576F8 /* DesignSystem.swift in Sources */,
				CB4ACFA224B38BDB009E1EA0 /* Player.swift in Sources */,
				327CAE3424AE6F3100F94F57 /* TileMapping.swift in Sources */,
				CBC5D86A24AE48ED00D049DF /* AppDelegate.swift in Sources */,
				0C71FA7524B8EDB300B21498 /* SoundManager.swift in Sources */,
				CB89920C24BE30E2004033E3 /* System.swift in Sources */,
			);
			runOnlyForDeploymentPostprocessing = 0;
		};
/* End PBXSourcesBuildPhase section */

/* Begin PBXVariantGroup section */
		CB5E26FB24AE46F200400B2E /* Main.storyboard */ = {
			isa = PBXVariantGroup;
			children = (
				CB5E26FC24AE46F200400B2E /* Base */,
			);
			name = Main.storyboard;
			sourceTree = "<group>";
		};
		CB5E270024AE46F500400B2E /* LaunchScreen.storyboard */ = {
			isa = PBXVariantGroup;
			children = (
				CB5E270124AE46F500400B2E /* Base */,
			);
			name = LaunchScreen.storyboard;
			sourceTree = "<group>";
		};
		CBC5D85124AE486100D049DF /* Main.storyboard */ = {
			isa = PBXVariantGroup;
			children = (
				CBC5D85224AE486100D049DF /* Base */,
			);
			name = Main.storyboard;
			sourceTree = "<group>";
		};
		CBC5D85924AE486300D049DF /* LaunchScreen.storyboard */ = {
			isa = PBXVariantGroup;
			children = (
				CBC5D85A24AE486300D049DF /* Base */,
			);
			name = LaunchScreen.storyboard;
			sourceTree = "<group>";
		};
		CBC5D87524AE48EF00D049DF /* Main.storyboard */ = {
			isa = PBXVariantGroup;
			children = (
				CBC5D87624AE48EF00D049DF /* Base */,
			);
			name = Main.storyboard;
			sourceTree = "<group>";
		};
/* End PBXVariantGroup section */

/* Begin XCBuildConfiguration section */
		CB5E270424AE46F500400B2E /* Debug */ = {
			isa = XCBuildConfiguration;
			buildSettings = {
				ALWAYS_SEARCH_USER_PATHS = NO;
				CLANG_ANALYZER_NONNULL = YES;
				CLANG_ANALYZER_NUMBER_OBJECT_CONVERSION = YES_AGGRESSIVE;
				CLANG_CXX_LANGUAGE_STANDARD = "gnu++14";
				CLANG_CXX_LIBRARY = "libc++";
				CLANG_ENABLE_MODULES = YES;
				CLANG_ENABLE_OBJC_ARC = YES;
				CLANG_ENABLE_OBJC_WEAK = YES;
				CLANG_WARN_BLOCK_CAPTURE_AUTORELEASING = YES;
				CLANG_WARN_BOOL_CONVERSION = YES;
				CLANG_WARN_COMMA = YES;
				CLANG_WARN_CONSTANT_CONVERSION = YES;
				CLANG_WARN_DEPRECATED_OBJC_IMPLEMENTATIONS = YES;
				CLANG_WARN_DIRECT_OBJC_ISA_USAGE = YES_ERROR;
				CLANG_WARN_DOCUMENTATION_COMMENTS = YES;
				CLANG_WARN_EMPTY_BODY = YES;
				CLANG_WARN_ENUM_CONVERSION = YES;
				CLANG_WARN_INFINITE_RECURSION = YES;
				CLANG_WARN_INT_CONVERSION = YES;
				CLANG_WARN_NON_LITERAL_NULL_CONVERSION = YES;
				CLANG_WARN_OBJC_IMPLICIT_RETAIN_SELF = YES;
				CLANG_WARN_OBJC_LITERAL_CONVERSION = YES;
				CLANG_WARN_OBJC_ROOT_CLASS = YES_ERROR;
				CLANG_WARN_RANGE_LOOP_ANALYSIS = YES;
				CLANG_WARN_STRICT_PROTOTYPES = YES;
				CLANG_WARN_SUSPICIOUS_MOVE = YES;
				CLANG_WARN_UNGUARDED_AVAILABILITY = YES_AGGRESSIVE;
				CLANG_WARN_UNREACHABLE_CODE = YES;
				CLANG_WARN__DUPLICATE_METHOD_MATCH = YES;
				COPY_PHASE_STRIP = NO;
				DEBUG_INFORMATION_FORMAT = dwarf;
				ENABLE_STRICT_OBJC_MSGSEND = YES;
				ENABLE_TESTABILITY = YES;
				GCC_C_LANGUAGE_STANDARD = gnu11;
				GCC_DYNAMIC_NO_PIC = NO;
				GCC_NO_COMMON_BLOCKS = YES;
				GCC_OPTIMIZATION_LEVEL = 0;
				GCC_PREPROCESSOR_DEFINITIONS = (
					"DEBUG=1",
					"$(inherited)",
				);
				GCC_WARN_64_TO_32_BIT_CONVERSION = YES;
				GCC_WARN_ABOUT_RETURN_TYPE = YES_ERROR;
				GCC_WARN_UNDECLARED_SELECTOR = YES;
				GCC_WARN_UNINITIALIZED_AUTOS = YES_AGGRESSIVE;
				GCC_WARN_UNUSED_FUNCTION = YES;
				GCC_WARN_UNUSED_VARIABLE = YES;
				MTL_ENABLE_DEBUG_INFO = INCLUDE_SOURCE;
				MTL_FAST_MATH = YES;
				ONLY_ACTIVE_ARCH = YES;
				SDKROOT = appletvos;
				SWIFT_ACTIVE_COMPILATION_CONDITIONS = DEBUG;
				SWIFT_OPTIMIZATION_LEVEL = "-Onone";
				TVOS_DEPLOYMENT_TARGET = 13.4;
			};
			name = Debug;
		};
		CB5E270524AE46F500400B2E /* Release */ = {
			isa = XCBuildConfiguration;
			buildSettings = {
				ALWAYS_SEARCH_USER_PATHS = NO;
				CLANG_ANALYZER_NONNULL = YES;
				CLANG_ANALYZER_NUMBER_OBJECT_CONVERSION = YES_AGGRESSIVE;
				CLANG_CXX_LANGUAGE_STANDARD = "gnu++14";
				CLANG_CXX_LIBRARY = "libc++";
				CLANG_ENABLE_MODULES = YES;
				CLANG_ENABLE_OBJC_ARC = YES;
				CLANG_ENABLE_OBJC_WEAK = YES;
				CLANG_WARN_BLOCK_CAPTURE_AUTORELEASING = YES;
				CLANG_WARN_BOOL_CONVERSION = YES;
				CLANG_WARN_COMMA = YES;
				CLANG_WARN_CONSTANT_CONVERSION = YES;
				CLANG_WARN_DEPRECATED_OBJC_IMPLEMENTATIONS = YES;
				CLANG_WARN_DIRECT_OBJC_ISA_USAGE = YES_ERROR;
				CLANG_WARN_DOCUMENTATION_COMMENTS = YES;
				CLANG_WARN_EMPTY_BODY = YES;
				CLANG_WARN_ENUM_CONVERSION = YES;
				CLANG_WARN_INFINITE_RECURSION = YES;
				CLANG_WARN_INT_CONVERSION = YES;
				CLANG_WARN_NON_LITERAL_NULL_CONVERSION = YES;
				CLANG_WARN_OBJC_IMPLICIT_RETAIN_SELF = YES;
				CLANG_WARN_OBJC_LITERAL_CONVERSION = YES;
				CLANG_WARN_OBJC_ROOT_CLASS = YES_ERROR;
				CLANG_WARN_RANGE_LOOP_ANALYSIS = YES;
				CLANG_WARN_STRICT_PROTOTYPES = YES;
				CLANG_WARN_SUSPICIOUS_MOVE = YES;
				CLANG_WARN_UNGUARDED_AVAILABILITY = YES_AGGRESSIVE;
				CLANG_WARN_UNREACHABLE_CODE = YES;
				CLANG_WARN__DUPLICATE_METHOD_MATCH = YES;
				COPY_PHASE_STRIP = NO;
				DEBUG_INFORMATION_FORMAT = "dwarf-with-dsym";
				ENABLE_NS_ASSERTIONS = NO;
				ENABLE_STRICT_OBJC_MSGSEND = YES;
				GCC_C_LANGUAGE_STANDARD = gnu11;
				GCC_NO_COMMON_BLOCKS = YES;
				GCC_WARN_64_TO_32_BIT_CONVERSION = YES;
				GCC_WARN_ABOUT_RETURN_TYPE = YES_ERROR;
				GCC_WARN_UNDECLARED_SELECTOR = YES;
				GCC_WARN_UNINITIALIZED_AUTOS = YES_AGGRESSIVE;
				GCC_WARN_UNUSED_FUNCTION = YES;
				GCC_WARN_UNUSED_VARIABLE = YES;
				MTL_ENABLE_DEBUG_INFO = NO;
				MTL_FAST_MATH = YES;
				SDKROOT = appletvos;
				SWIFT_COMPILATION_MODE = wholemodule;
				SWIFT_OPTIMIZATION_LEVEL = "-O";
				TVOS_DEPLOYMENT_TARGET = 13.4;
				VALIDATE_PRODUCT = YES;
			};
			name = Release;
		};
		CB5E270724AE46F500400B2E /* Debug */ = {
			isa = XCBuildConfiguration;
			buildSettings = {
				ASSETCATALOG_COMPILER_APPICON_NAME = "App Icon & Top Shelf Image";
				CODE_SIGN_IDENTITY = "Apple Development";
				CODE_SIGN_STYLE = Automatic;
				DEVELOPMENT_TEAM = "";

				INFOPLIST_FILE = tvAPP/Info.plist;
				LD_RUNPATH_SEARCH_PATHS = (
					"$(inherited)",
					"@executable_path/Frameworks",
				);
				PRODUCT_BUNDLE_IDENTIFIER = br.com.rm4.runboxrun;
				PRODUCT_NAME = "Run Box Run";
				PROVISIONING_PROFILE_SPECIFIER = "";
				SWIFT_VERSION = 5.0;
				TARGETED_DEVICE_FAMILY = 3;
			};
			name = Debug;
		};
		CB5E270824AE46F500400B2E /* Release */ = {
			isa = XCBuildConfiguration;
			buildSettings = {
				ASSETCATALOG_COMPILER_APPICON_NAME = "App Icon & Top Shelf Image";
				CODE_SIGN_IDENTITY = "Apple Development";
				CODE_SIGN_STYLE = Automatic;
				DEVELOPMENT_TEAM = "";
				INFOPLIST_FILE = tvAPP/Info.plist;
				LD_RUNPATH_SEARCH_PATHS = (
					"$(inherited)",
					"@executable_path/Frameworks",
				);
				PRODUCT_BUNDLE_IDENTIFIER = br.com.rm4.runboxrun;
				PRODUCT_NAME = "Run Box Run";
				PROVISIONING_PROFILE_SPECIFIER = "";
				SWIFT_VERSION = 5.0;
				TARGETED_DEVICE_FAMILY = 3;
			};
			name = Release;
		};
		CBC5D85E24AE486300D049DF /* Debug */ = {
			isa = XCBuildConfiguration;
			buildSettings = {
				ASSETCATALOG_COMPILER_APPICON_NAME = AppIcon;
				CODE_SIGN_STYLE = Automatic;
				DEVELOPMENT_TEAM = "";
				INFOPLIST_FILE = iosAPP/Info.plist;
				IPHONEOS_DEPLOYMENT_TARGET = 13.5;
				LD_RUNPATH_SEARCH_PATHS = (
					"$(inherited)",
					"@executable_path/Frameworks",
				);
				PRODUCT_BUNDLE_IDENTIFIER = br.com.zewuchen.iosAPP;
				PRODUCT_NAME = iosAPP;
				SDKROOT = iphoneos;
				SWIFT_VERSION = 5.0;
				TARGETED_DEVICE_FAMILY = 1;
			};
			name = Debug;
		};
		CBC5D85F24AE486300D049DF /* Release */ = {
			isa = XCBuildConfiguration;
			buildSettings = {
				ASSETCATALOG_COMPILER_APPICON_NAME = AppIcon;
				CODE_SIGN_STYLE = Automatic;
				DEVELOPMENT_TEAM = "";
				INFOPLIST_FILE = iosAPP/Info.plist;
				IPHONEOS_DEPLOYMENT_TARGET = 13.5;
				LD_RUNPATH_SEARCH_PATHS = (
					"$(inherited)",
					"@executable_path/Frameworks",
				);
				PRODUCT_BUNDLE_IDENTIFIER = br.com.zewuchen.iosAPP;
				PRODUCT_NAME = iosAPP;
				SDKROOT = iphoneos;
				SWIFT_VERSION = 5.0;
				TARGETED_DEVICE_FAMILY = 1;
			};
			name = Release;
		};
		CBC5D87B24AE48EF00D049DF /* Debug */ = {
			isa = XCBuildConfiguration;
			buildSettings = {
				ASSETCATALOG_COMPILER_APPICON_NAME = AppIcon;
				CODE_SIGN_ENTITLEMENTS = macAPP/macAPP.entitlements;
				CODE_SIGN_IDENTITY = "Apple Development";
				CODE_SIGN_STYLE = Automatic;
				COMBINE_HIDPI_IMAGES = YES;
				DEVELOPMENT_TEAM = "";
				INFOPLIST_FILE = macAPP/Info.plist;
				LD_RUNPATH_SEARCH_PATHS = (
					"$(inherited)",
					"@executable_path/../Frameworks",
				);
				MACOSX_DEPLOYMENT_TARGET = 10.15;
				PRODUCT_BUNDLE_IDENTIFIER = br.com.zewuchen.macAPP;
				PRODUCT_NAME = "$(TARGET_NAME)";
				SDKROOT = macosx;
				SWIFT_VERSION = 5.0;
			};
			name = Debug;
		};
		CBC5D87C24AE48EF00D049DF /* Release */ = {
			isa = XCBuildConfiguration;
			buildSettings = {
				ASSETCATALOG_COMPILER_APPICON_NAME = AppIcon;
				CODE_SIGN_ENTITLEMENTS = macAPP/macAPP.entitlements;
				CODE_SIGN_IDENTITY = "Apple Development";
				CODE_SIGN_STYLE = Automatic;
				COMBINE_HIDPI_IMAGES = YES;
				DEVELOPMENT_TEAM = "";
				INFOPLIST_FILE = macAPP/Info.plist;
				LD_RUNPATH_SEARCH_PATHS = (
					"$(inherited)",
					"@executable_path/../Frameworks",
				);
				MACOSX_DEPLOYMENT_TARGET = 10.15;
				PRODUCT_BUNDLE_IDENTIFIER = br.com.zewuchen.macAPP;
				PRODUCT_NAME = "$(TARGET_NAME)";
				SDKROOT = macosx;
				SWIFT_VERSION = 5.0;
			};
			name = Release;
		};
/* End XCBuildConfiguration section */

/* Begin XCConfigurationList section */
		CB5E26E924AE46F100400B2E /* Build configuration list for PBXProject "tvAPP" */ = {
			isa = XCConfigurationList;
			buildConfigurations = (
				CB5E270424AE46F500400B2E /* Debug */,
				CB5E270524AE46F500400B2E /* Release */,
			);
			defaultConfigurationIsVisible = 0;
			defaultConfigurationName = Release;
		};
		CB5E270624AE46F500400B2E /* Build configuration list for PBXNativeTarget "tvAPP" */ = {
			isa = XCConfigurationList;
			buildConfigurations = (
				CB5E270724AE46F500400B2E /* Debug */,
				CB5E270824AE46F500400B2E /* Release */,
			);
			defaultConfigurationIsVisible = 0;
			defaultConfigurationName = Release;
		};
		CBC5D85D24AE486300D049DF /* Build configuration list for PBXNativeTarget "iosAPP" */ = {
			isa = XCConfigurationList;
			buildConfigurations = (
				CBC5D85E24AE486300D049DF /* Debug */,
				CBC5D85F24AE486300D049DF /* Release */,
			);
			defaultConfigurationIsVisible = 0;
			defaultConfigurationName = Release;
		};
		CBC5D87A24AE48EF00D049DF /* Build configuration list for PBXNativeTarget "macAPP" */ = {
			isa = XCConfigurationList;
			buildConfigurations = (
				CBC5D87B24AE48EF00D049DF /* Debug */,
				CBC5D87C24AE48EF00D049DF /* Release */,
			);
			defaultConfigurationIsVisible = 0;
			defaultConfigurationName = Release;
		};
/* End XCConfigurationList section */

/* Begin XCVersionGroup section */
		CBC5D85424AE486100D049DF /* iosAPP.xcdatamodeld */ = {
			isa = XCVersionGroup;
			children = (
				CBC5D85524AE486100D049DF /* iosAPP.xcdatamodel */,
			);
			currentVersion = CBC5D85524AE486100D049DF /* iosAPP.xcdatamodel */;
			path = iosAPP.xcdatamodeld;
			sourceTree = "<group>";
			versionGroupType = wrapper.xcdatamodel;
		};
/* End XCVersionGroup section */
	};
	rootObject = CB5E26E624AE46F100400B2E /* Project object */;
}
